
Microsoft Visual Studio Solution File, Format Version 12.00
# Visual Studio Version 16
VisualStudioVersion = 16.0.29806.167
MinimumVisualStudioVersion = 10.0.40219.1
Project("{8BC9CEB8-8B4A-11D0-8D11-00A0C91BC942}") = "Hash Tool", "Hash Tool.vcxproj", "{927A6A22-47A0-4053-9282-53630FD12890}"
EndProject
Global
	GlobalSection(SolutionConfigurationPlatforms) = preSolution
		Debug|x64 = Debug|x64
		Debug|x86 = Debug|x86
		Release|x64 = Release|x64
		Release|x86 = Release|x86
	EndGlobalSection
	GlobalSection(ProjectConfigurationPlatforms) = postSolution
		{927A6A22-47A0-4053-9282-53630FD12890}.Debug|x64.ActiveCfg = Debug|x64
		{927A6A22-47A0-4053-9282-53630FD12890}.Debug|x64.Build.0 = Debug|x64
		{927A6A22-47A0-4053-9282-53630FD12890}.Debug|x86.ActiveCfg = Debug|Win32
		{927A6A22-47A0-4053-9282-53630FD12890}.Debug|x86.Build.0 = Debug|Win32
		{927A6A22-47A0-4053-9282-53630FD12890}.Release|x64.ActiveCfg = Release|x64
		{927A6A22-47A0-4053-9282-53630FD12890}.Release|x64.Build.0 = Release|x64
		{927A6A22-47A0-4053-9282-53630FD12890}.Release|x86.ActiveCfg = Release|Win32
		{927A6A22-47A0-4053-9282-53630FD12890}.Release|x86.Build.0 = Release|Win32
	EndGlobalSection
	GlobalSection(SolutionProperties) = preSolution
		HideSolutionNode = FALSE
	EndGlobalSection
	GlobalSection(ExtensibilityGlobals) = postSolution
		SolutionGuid = {B47E749B-55E4-4D40-8824-F11686824383}
	EndGlobalSection
EndGlobal
